
Microsoft Visual Studio Solution File, Format Version 12.00
# Visual Studio 2012
Project("{FAE04EC0-301F-11D3-BF4B-00C04F79EFBC}") = "phu-dinh-web", "phu-dinh-web\phu-dinh-web.csproj", "{146D478B-F5A0-4A4B-89DD-61012CF773EA}"
EndProject
Global
	GlobalSection(SolutionConfigurationPlatforms) = preSolution
		Debug|Any CPU = Debug|Any CPU
		Release|Any CPU = Release|Any CPU
	EndGlobalSection
	GlobalSection(ProjectConfigurationPlatforms) = postSolution
		{146D478B-F5A0-4A4B-89DD-61012CF773EA}.Debug|Any CPU.ActiveCfg = Debug|Any CPU
		{146D478B-F5A0-4A4B-89DD-61012CF773EA}.Debug|Any CPU.Build.0 = Debug|Any CPU
		{146D478B-F5A0-4A4B-89DD-61012CF773EA}.Release|Any CPU.ActiveCfg = Release|Any CPU
		{146D478B-F5A0-4A4B-89DD-61012CF773EA}.Release|Any CPU.Build.0 = Release|Any CPU
	EndGlobalSection
	GlobalSection(SolutionProperties) = preSolution
		HideSolutionNode = FALSE
	EndGlobalSection
EndGlobal
